{
  "version": 1,
  "entries": {
    "impl:calc.calculate": {
      "hash": "3bbe7ba4ad1410afb61ab2d11522d88111d689fdebcf0a015fb80ec362398914",
      "tokens_in": 1030,
      "tokens_out": 224
    },
    "impl:calc.eval": {
      "hash": "2d78bf1438442c6fdf86f93f19ca79852eb0580f2f135963c8f0176513035503",
      "tokens_in": 1071,
      "tokens_out": 208
    },
    "impl:calc.fmtDisplayCalcError": {
      "hash": "6125aa32259dd57188a73385aace56c491971d74c356cf4289e1130ef8fe84c3",
      "tokens_in": 1018,
      "tokens_out": 258
    },
    "impl:calc.implLexer": {
      "hash": "64fb52adf201b628264de7b54f7b3a02cc86dea287bf188346397ce1e359ba26",
      "tokens_in": 1128,
      "tokens_out": 755
    },
    "impl:calc.implParser": {
      "hash": "e4af96b9733570354e37db70ab073cfcdb06e8e415fe72dbd43e134e10d8c08f",
      "tokens_in": 1195,
      "tokens_out": 982
    },
    "impl:calc.main": {
      "hash": "d66dda744d6d29a37d60a8251d11b04115168c37aa12ab25a9976f6d94eaf4c3",
      "tokens_in": 1080,
      "tokens_out": 306
    },
    "impl:calc.print_help": {
      "hash": "f286aed8cda0a094de9cb13f8a64f4bedff5853e0c6aa5018c8c68bdf70a058f",
      "tokens_in": 1008,
      "tokens_out": 308
    },
    "impl:calc.run_expression": {
      "hash": "94f1f1df0ae44912f33a158bf3da8708ac5c811b38a509b36a4ccc9c568875aa",
      "tokens_in": 1073,
      "tokens_out": 161
    },
    "plan:calc": {
      "hash": "3e3bd4eb89ec8f344d211d0fe8b2bdf9de3d1a09f7fd6005007faba5fc5580bb",
      "tokens_in": 5465,
      "tokens_out": 2624
    }
  }
}